// !$*UTF8*$!
{
	archiveVersion = 1;
	classes = {
	};
	objectVersion = 50;
	objects = {

/* Begin PBXBuildFile section */
		F436283826BB3500008386DB /* AppDelegate.swift in Sources */ = {isa = PBXBuildFile; fileRef = F436283726BB3500008386DB /* AppDelegate.swift */; };
		F436283A26BB3500008386DB /* SceneDelegate.swift in Sources */ = {isa = PBXBuildFile; fileRef = F436283926BB3500008386DB /* SceneDelegate.swift */; };
		F436283C26BB3500008386DB /* ViewController.swift in Sources */ = {isa = PBXBuildFile; fileRef = F436283B26BB3500008386DB /* ViewController.swift */; };
		F436283F26BB3500008386DB /* Main.storyboard in Resources */ = {isa = PBXBuildFile; fileRef = F436283D26BB3500008386DB /* Main.storyboard */; };
		F436284126BB3502008386DB /* Assets.xcassets in Resources */ = {isa = PBXBuildFile; fileRef = F436284026BB3502008386DB /* Assets.xcassets */; };
		F436284426BB3502008386DB /* LaunchScreen.storyboard in Resources */ = {isa = PBXBuildFile; fileRef = F436284226BB3502008386DB /* LaunchScreen.storyboard */; };
		F436284C26BB4802008386DB /* AddViewController.swift in Sources */ = {isa = PBXBuildFile; fileRef = F436284B26BB4802008386DB /* AddViewController.swift */; };
		F4C9808A26C052160098B6E8 /* Checkbox.swift in Sources */ = {isa = PBXBuildFile; fileRef = F4C9808926C052160098B6E8 /* Checkbox.swift */; };
		F4C9808C26C05B2F0098B6E8 /* Todo.swift in Sources */ = {isa = PBXBuildFile; fileRef = F4C9808B26C05B2F0098B6E8 /* Todo.swift */; };
		F4C9808E26C05C780098B6E8 /* ChekTableViewCell.swift in Sources */ = {isa = PBXBuildFile; fileRef = F4C9808D26C05C780098B6E8 /* ChekTableViewCell.swift */; };
/* End PBXBuildFile section */

/* Begin PBXFileReference section */
		F436283426BB3500008386DB /* Шаги и Цели 2.app */ = {isa = PBXFileReference; explicitFileType = wrapper.application; includeInIndex = 0; path = "Шаги и Цели 2.app"; sourceTree = BUILT_PRODUCTS_DIR; };
		F436283726BB3500008386DB /* AppDelegate.swift */ = {isa = PBXFileReference; lastKnownFileType = sourcecode.swift; path = AppDelegate.swift; sourceTree = "<group>"; };
		F436283926BB3500008386DB /* SceneDelegate.swift */ = {isa = PBXFileReference; lastKnownFileType = sourcecode.swift; path = SceneDelegate.swift; sourceTree = "<group>"; };
		F436283B26BB3500008386DB /* ViewController.swift */ = {isa = PBXFileReference; lastKnownFileType = sourcecode.swift; path = ViewController.swift; sourceTree = "<group>"; };
		F436283E26BB3500008386DB /* Base */ = {isa = PBXFileReference; lastKnownFileType = file.storyboard; name = Base; path = Base.lproj/Main.storyboard; sourceTree = "<group>"; };
		F436284026BB3502008386DB /* Assets.xcassets */ = {isa = PBXFileReference; lastKnownFileType = folder.assetcatalog; path = Assets.xcassets; sourceTree = "<group>"; };
		F436284326BB3502008386DB /* Base */ = {isa = PBXFileReference; lastKnownFileType = file.storyboard; name = Base; path = Base.lproj/LaunchScreen.storyboard; sourceTree = "<group>"; };
		F436284526BB3502008386DB /* Info.plist */ = {isa = PBXFileReference; lastKnownFileType = text.plist.xml; path = Info.plist; sourceTree = "<group>"; };
		F436284B26BB4802008386DB /* AddViewController.swift */ = {isa = PBXFileReference; lastKnownFileType = sourcecode.swift; path = AddViewController.swift; sourceTree = "<group>"; };
		F4C9808926C052160098B6E8 /* Checkbox.swift */ = {isa = PBXFileReference; lastKnownFileType = sourcecode.swift; path = Checkbox.swift; sourceTree = "<group>"; };
		F4C9808B26C05B2F0098B6E8 /* Todo.swift */ = {isa = PBXFileReference; lastKnownFileType = sourcecode.swift; path = Todo.swift; sourceTree = "<group>"; };
		F4C9808D26C05C780098B6E8 /* ChekTableViewCell.swift */ = {isa = PBXFileReference; lastKnownFileType = sourcecode.swift; path = ChekTableViewCell.swift; sourceTree = "<group>"; };
/* End PBXFileReference section */

/* Begin PBXFrameworksBuildPhase section */
		F436283126BB3500008386DB /* Frameworks */ = {
			isa = PBXFrameworksBuildPhase;
			buildActionMask = 2147483647;
			files = (
			);
			runOnlyForDeploymentPostprocessing = 0;
		};
/* End PBXFrameworksBuildPhase section */

/* Begin PBXGroup section */
		F436282B26BB3500008386DB = {
			isa = PBXGroup;
			children = (
				F436283626BB3500008386DB /* Шаги и Цели 2 */,
				F436283526BB3500008386DB /* Products */,
			);
			sourceTree = "<group>";
		};
		F436283526BB3500008386DB /* Products */ = {
			isa = PBXGroup;
			children = (
				F436283426BB3500008386DB /* Шаги и Цели 2.app */,
			);
			name = Products;
			sourceTree = "<group>";
		};
		F436283626BB3500008386DB /* Шаги и Цели 2 */ = {
			isa = PBXGroup;
			children = (
				F436283B26BB3500008386DB /* ViewController.swift */,
				F4C9808B26C05B2F0098B6E8 /* Todo.swift */,
				F436284B26BB4802008386DB /* AddViewController.swift */,
				F436283D26BB3500008386DB /* Main.storyboard */,
				F4C9808926C052160098B6E8 /* Checkbox.swift */,
				F4C9808D26C05C780098B6E8 /* ChekTableViewCell.swift */,
				F436284226BB3502008386DB /* LaunchScreen.storyboard */,
				F436284026BB3502008386DB /* Assets.xcassets */,
				F436283726BB3500008386DB /* AppDelegate.swift */,
				F436283926BB3500008386DB /* SceneDelegate.swift */,
				F436284526BB3502008386DB /* Info.plist */,
			);
			path = "Шаги и Цели 2";
			sourceTree = "<group>";
		};
/* End PBXGroup section */

/* Begin PBXNativeTarget section */
		F436283326BB3500008386DB /* Шаги и Цели 2 */ = {
			isa = PBXNativeTarget;
			buildConfigurationList = F436284826BB3502008386DB /* Build configuration list for PBXNativeTarget "Шаги и Цели 2" */;
			buildPhases = (
				F436283026BB3500008386DB /* Sources */,
				F436283126BB3500008386DB /* Frameworks */,
				F436283226BB3500008386DB /* Resources */,
			);
			buildRules = (
			);
			dependencies = (
			);
			name = "Шаги и Цели 2";
			productName = "Шаги и Цели 2";
			productReference = F436283426BB3500008386DB /* Шаги и Цели 2.app */;
			productType = "com.apple.product-type.application";
		};
/* End PBXNativeTarget section */

/* Begin PBXProject section */
		F436282C26BB3500008386DB /* Project object */ = {
			isa = PBXProject;
			attributes = {
				LastSwiftUpdateCheck = 1250;
				LastUpgradeCheck = 1250;
				TargetAttributes = {
					F436283326BB3500008386DB = {
						CreatedOnToolsVersion = 12.5;
					};
				};
			};
			buildConfigurationList = F436282F26BB3500008386DB /* Build configuration list for PBXProject "Шаги и Цели 2" */;
			compatibilityVersion = "Xcode 9.3";
			developmentRegion = en;
			hasScannedForEncodings = 0;
			knownRegions = (
				en,
				Base,
			);
			mainGroup = F436282B26BB3500008386DB;
			productRefGroup = F436283526BB3500008386DB /* Products */;
			projectDirPath = "";
			projectRoot = "";
			targets = (
				F436283326BB3500008386DB /* Шаги и Цели 2 */,
			);
		};
/* End PBXProject section */

/* Begin PBXResourcesBuildPhase section */
		F436283226BB3500008386DB /* Resources */ = {
			isa = PBXResourcesBuildPhase;
			buildActionMask = 2147483647;
			files = (
				F436284426BB3502008386DB /* LaunchScreen.storyboard in Resources */,
				F436284126BB3502008386DB /* Assets.xcassets in Resources */,
				F436283F26BB3500008386DB /* Main.storyboard in Resources */,
			);
			runOnlyForDeploymentPostprocessing = 0;
		};
/* End PBXResourcesBuildPhase section */

/* Begin PBXSourcesBuildPhase section */
		F436283026BB3500008386DB /* Sources */ = {
			isa = PBXSourcesBuildPhase;
			buildActionMask = 2147483647;
			files = (
				F436283C26BB3500008386DB /* ViewController.swift in Sources */,
				F4C9808C26C05B2F0098B6E8 /* Todo.swift in Sources */,
				F436283826BB3500008386DB /* AppDelegate.swift in Sources */,
				F436284C26BB4802008386DB /* AddViewController.swift in Sources */,
				F436283A26BB3500008386DB /* SceneDelegate.swift in Sources */,
				F4C9808A26C052160098B6E8 /* Checkbox.swift in Sources */,
				F4C9808E26C05C780098B6E8 /* ChekTableViewCell.swift in Sources */,
			);
			runOnlyForDeploymentPostprocessing = 0;
		};
/* End PBXSourcesBuildPhase section */

/* Begin PBXVariantGroup section */
		F436283D26BB3500008386DB /* Main.storyboard */ = {
			isa = PBXVariantGroup;
			children = (
				F436283E26BB3500008386DB /* Base */,
			);
			name = Main.storyboard;
			sourceTree = "<group>";
		};
		F436284226BB3502008386DB /* LaunchScreen.storyboard */ = {
			isa = PBXVariantGroup;
			children = (
				F436284326BB3502008386DB /* Base */,
			);
			name = LaunchScreen.storyboard;
			sourceTree = "<group>";
		};
/* End PBXVariantGroup section */

/* Begin XCBuildConfiguration section */
		F436284626BB3502008386DB /* Debug */ = {
			isa = XCBuildConfiguration;
			buildSettings = {
				ALWAYS_SEARCH_USER_PATHS = NO;
				CLANG_ANALYZER_NONNULL = YES;
				CLANG_ANALYZER_NUMBER_OBJECT_CONVERSION = YES_AGGRESSIVE;
				CLANG_CXX_LANGUAGE_STANDARD = "gnu++14";
				CLANG_CXX_LIBRARY = "libc++";
				CLANG_ENABLE_MODULES = YES;
				CLANG_ENABLE_OBJC_ARC = YES;
				CLANG_ENABLE_OBJC_WEAK = YES;
				CLANG_WARN_BLOCK_CAPTURE_AUTORELEASING = YES;
				CLANG_WARN_BOOL_CONVERSION = YES;
				CLANG_WARN_COMMA = YES;
				CLANG_WARN_CONSTANT_CONVERSION = YES;
				CLANG_WARN_DEPRECATED_OBJC_IMPLEMENTATIONS = YES;
				CLANG_WARN_DIRECT_OBJC_ISA_USAGE = YES_ERROR;
				CLANG_WARN_DOCUMENTATION_COMMENTS = YES;
				CLANG_WARN_EMPTY_BODY = YES;
				CLANG_WARN_ENUM_CONVERSION = YES;
				CLANG_WARN_INFINITE_RECURSION = YES;
				CLANG_WARN_INT_CONVERSION = YES;
				CLANG_WARN_NON_LITERAL_NULL_CONVERSION = YES;
				CLANG_WARN_OBJC_IMPLICIT_RETAIN_SELF = YES;
				CLANG_WARN_OBJC_LITERAL_CONVERSION = YES;
				CLANG_WARN_OBJC_ROOT_CLASS = YES_ERROR;
				CLANG_WARN_QUOTED_INCLUDE_IN_FRAMEWORK_HEADER = YES;
				CLANG_WARN_RANGE_LOOP_ANALYSIS = YES;
				CLANG_WARN_STRICT_PROTOTYPES = YES;
				CLANG_WARN_SUSPICIOUS_MOVE = YES;
				CLANG_WARN_UNGUARDED_AVAILABILITY = YES_AGGRESSIVE;
				CLANG_WARN_UNREACHABLE_CODE = YES;
				CLANG_WARN__DUPLICATE_METHOD_MATCH = YES;
				COPY_PHASE_STRIP = NO;
				DEBUG_INFORMATION_FORMAT = dwarf;
				ENABLE_STRICT_OBJC_MSGSEND = YES;
				ENABLE_TESTABILITY = YES;
				GCC_C_LANGUAGE_STANDARD = gnu11;
				GCC_DYNAMIC_NO_PIC = NO;
				GCC_NO_COMMON_BLOCKS = YES;
				GCC_OPTIMIZATION_LEVEL = 0;
				GCC_PREPROCESSOR_DEFINITIONS = (
					"DEBUG=1",
					"$(inherited)",
				);
				GCC_WARN_64_TO_32_BIT_CONVERSION = YES;
				GCC_WARN_ABOUT_RETURN_TYPE = YES_ERROR;
				GCC_WARN_UNDECLARED_SELECTOR = YES;
				GCC_WARN_UNINITIALIZED_AUTOS = YES_AGGRESSIVE;
				GCC_WARN_UNUSED_FUNCTION = YES;
				GCC_WARN_UNUSED_VARIABLE = YES;
				IPHONEOS_DEPLOYMENT_TARGET = 14.5;
				MTL_ENABLE_DEBUG_INFO = INCLUDE_SOURCE;
				MTL_FAST_MATH = YES;
				ONLY_ACTIVE_ARCH = YES;
				SDKROOT = iphoneos;
				SWIFT_ACTIVE_COMPILATION_CONDITIONS = DEBUG;
				SWIFT_OPTIMIZATION_LEVEL = "-Onone";
			};
			name = Debug;
		};
		F436284726BB3502008386DB /* Release */ = {
			isa = XCBuildConfiguration;
			buildSettings = {
				ALWAYS_SEARCH_USER_PATHS = NO;
				CLANG_ANALYZER_NONNULL = YES;
				CLANG_ANALYZER_NUMBER_OBJECT_CONVERSION = YES_AGGRESSIVE;
				CLANG_CXX_LANGUAGE_STANDARD = "gnu++14";
				CLANG_CXX_LIBRARY = "libc++";
				CLANG_ENABLE_MODULES = YES;
				CLANG_ENABLE_OBJC_ARC = YES;
				CLANG_ENABLE_OBJC_WEAK = YES;
				CLANG_WARN_BLOCK_CAPTURE_AUTORELEASING = YES;
				CLANG_WARN_BOOL_CONVERSION = YES;
				CLANG_WARN_COMMA = YES;
				CLANG_WARN_CONSTANT_CONVERSION = YES;
				CLANG_WARN_DEPRECATED_OBJC_IMPLEMENTATIONS = YES;
				CLANG_WARN_DIRECT_OBJC_ISA_USAGE = YES_ERROR;
				CLANG_WARN_DOCUMENTATION_COMMENTS = YES;
				CLANG_WARN_EMPTY_BODY = YES;
				CLANG_WARN_ENUM_CONVERSION = YES;
				CLANG_WARN_INFINITE_RECURSION = YES;
				CLANG_WARN_INT_CONVERSION = YES;
				CLANG_WARN_NON_LITERAL_NULL_CONVERSION = YES;
				CLANG_WARN_OBJC_IMPLICIT_RETAIN_SELF = YES;
				CLANG_WARN_OBJC_LITERAL_CONVERSION = YES;
				CLANG_WARN_OBJC_ROOT_CLASS = YES_ERROR;
				CLANG_WARN_QUOTED_INCLUDE_IN_FRAMEWORK_HEADER = YES;
				CLANG_WARN_RANGE_LOOP_ANALYSIS = YES;
				CLANG_WARN_STRICT_PROTOTYPES = YES;
				CLANG_WARN_SUSPICIOUS_MOVE = YES;
				CLANG_WARN_UNGUARDED_AVAILABILITY = YES_AGGRESSIVE;
				CLANG_WARN_UNREACHABLE_CODE = YES;
				CLANG_WARN__DUPLICATE_METHOD_MATCH = YES;
				COPY_PHASE_STRIP = NO;
				DEBUG_INFORMATION_FORMAT = "dwarf-with-dsym";
				ENABLE_NS_ASSERTIONS = NO;
				ENABLE_STRICT_OBJC_MSGSEND = YES;
				GCC_C_LANGUAGE_STANDARD = gnu11;
				GCC_NO_COMMON_BLOCKS = YES;
				GCC_WARN_64_TO_32_BIT_CONVERSION = YES;
				GCC_WARN_ABOUT_RETURN_TYPE = YES_ERROR;
				GCC_WARN_UNDECLARED_SELECTOR = YES;
				GCC_WARN_UNINITIALIZED_AUTOS = YES_AGGRESSIVE;
				GCC_WARN_UNUSED_FUNCTION = YES;
				GCC_WARN_UNUSED_VARIABLE = YES;
				IPHONEOS_DEPLOYMENT_TARGET = 14.5;
				MTL_ENABLE_DEBUG_INFO = NO;
				MTL_FAST_MATH = YES;
				SDKROOT = iphoneos;
				SWIFT_COMPILATION_MODE = wholemodule;
				SWIFT_OPTIMIZATION_LEVEL = "-O";
				VALIDATE_PRODUCT = YES;
			};
			name = Release;
		};
		F436284926BB3502008386DB /* Debug */ = {
			isa = XCBuildConfiguration;
			buildSettings = {
				ASSETCATALOG_COMPILER_APPICON_NAME = AppIcon;
				ASSETCATALOG_COMPILER_GLOBAL_ACCENT_COLOR_NAME = AccentColor;
				CODE_SIGN_STYLE = Automatic;
				DEVELOPMENT_TEAM = 7XLJ4BB85J;
				INFOPLIST_FILE = "Шаги и Цели 2/Info.plist";
				LD_RUNPATH_SEARCH_PATHS = (
					"$(inherited)",
					"@executable_path/Frameworks",
				);
				PRODUCT_BUNDLE_IDENTIFIER = "S.K.A..------------2";
				PRODUCT_NAME = "$(TARGET_NAME)";
				SWIFT_VERSION = 5.0;
				TARGETED_DEVICE_FAMILY = "1,2";
			};
			name = Debug;
		};
		F436284A26BB3502008386DB /* Release */ = {
			isa = XCBuildConfiguration;
			buildSettings = {
				ASSETCATALOG_COMPILER_APPICON_NAME = AppIcon;
				ASSETCATALOG_COMPILER_GLOBAL_ACCENT_COLOR_NAME = AccentColor;
				CODE_SIGN_STYLE = Automatic;
				DEVELOPMENT_TEAM = 7XLJ4BB85J;
				INFOPLIST_FILE = "Шаги и Цели 2/Info.plist";
				LD_RUNPATH_SEARCH_PATHS = (
					"$(inherited)",
					"@executable_path/Frameworks",
				);
				PRODUCT_BUNDLE_IDENTIFIER = "S.K.A..------------2";
				PRODUCT_NAME = "$(TARGET_NAME)";
				SWIFT_VERSION = 5.0;
				TARGETED_DEVICE_FAMILY = "1,2";
			};
			name = Release;
		};
/* End XCBuildConfiguration section */

/* Begin XCConfigurationList section */
		F436282F26BB3500008386DB /* Build configuration list for PBXProject "Шаги и Цели 2" */ = {
			isa = XCConfigurationList;
			buildConfigurations = (
				F436284626BB3502008386DB /* Debug */,
				F436284726BB3502008386DB /* Release */,
			);
			defaultConfigurationIsVisible = 0;
			defaultConfigurationName = Release;
		};
		F436284826BB3502008386DB /* Build configuration list for PBXNativeTarget "Шаги и Цели 2" */ = {
			isa = XCConfigurationList;
			buildConfigurations = (
				F436284926BB3502008386DB /* Debug */,
				F436284A26BB3502008386DB /* Release */,
			);
			defaultConfigurationIsVisible = 0;
			defaultConfigurationName = Release;
		};
/* End XCConfigurationList section */
	};
	rootObject = F436282C26BB3500008386DB /* Project object */;
}
